
Microsoft Visual Studio Solution File, Format Version 12.00
# Visual Studio Version 17
VisualStudioVersion = 17.6.34202.202
MinimumVisualStudioVersion = 10.0.40219.1
Project("{9A19103F-16F7-4668-BE54-9A1E7A4F7556}") = "txt2loc", "txt2loc.csproj", "{5D44BC64-5CFD-4D77-9EE6-9C894B8D59D2}"
EndProject
Global
	GlobalSection(SolutionConfigurationPlatforms) = preSolution
		Debug|Any CPU = Debug|Any CPU
		Release|Any CPU = Release|Any CPU
	EndGlobalSection
	GlobalSection(ProjectConfigurationPlatforms) = postSolution
		{5D44BC64-5CFD-4D77-9EE6-9C894B8D59D2}.Debug|Any CPU.ActiveCfg = Debug|Any CPU
		{5D44BC64-5CFD-4D77-9EE6-9C894B8D59D2}.Debug|Any CPU.Build.0 = Debug|Any CPU
		{5D44BC64-5CFD-4D77-9EE6-9C894B8D59D2}.Release|Any CPU.ActiveCfg = Release|Any CPU
		{5D44BC64-5CFD-4D77-9EE6-9C894B8D59D2}.Release|Any CPU.Build.0 = Release|Any CPU
	EndGlobalSection
	GlobalSection(SolutionProperties) = preSolution
		HideSolutionNode = FALSE
	EndGlobalSection
	GlobalSection(ExtensibilityGlobals) = postSolution
		SolutionGuid = {98ADC7BB-F715-4190-8D3E-EE734C487E53}
	EndGlobalSection
EndGlobal
